
Microsoft Visual Studio Solution File, Format Version 12.00
# Visual Studio Version 16
VisualStudioVersion = 16.0.29306.81
MinimumVisualStudioVersion = 10.0.40219.1
Project("{8BC9CEB8-8B4A-11D0-8D11-00A0C91BC942}") = "2.32", "2.32\2.32.vcxproj", "{F418F171-5692-4C56-AA9D-09DB3CC21E6C}"
EndProject
Global
	GlobalSection(SolutionConfigurationPlatforms) = preSolution
		Debug|x64 = Debug|x64
		Debug|x86 = Debug|x86
		Release|x64 = Release|x64
		Release|x86 = Release|x86
	EndGlobalSection
	GlobalSection(ProjectConfigurationPlatforms) = postSolution
		{F418F171-5692-4C56-AA9D-09DB3CC21E6C}.Debug|x64.ActiveCfg = Debug|x64
		{F418F171-5692-4C56-AA9D-09DB3CC21E6C}.Debug|x64.Build.0 = Debug|x64
		{F418F171-5692-4C56-AA9D-09DB3CC21E6C}.Debug|x86.ActiveCfg = Debug|Win32
		{F418F171-5692-4C56-AA9D-09DB3CC21E6C}.Debug|x86.Build.0 = Debug|Win32
		{F418F171-5692-4C56-AA9D-09DB3CC21E6C}.Release|x64.ActiveCfg = Release|x64
		{F418F171-5692-4C56-AA9D-09DB3CC21E6C}.Release|x64.Build.0 = Release|x64
		{F418F171-5692-4C56-AA9D-09DB3CC21E6C}.Release|x86.ActiveCfg = Release|Win32
		{F418F171-5692-4C56-AA9D-09DB3CC21E6C}.Release|x86.Build.0 = Release|Win32
	EndGlobalSection
	GlobalSection(SolutionProperties) = preSolution
		HideSolutionNode = FALSE
	EndGlobalSection
	GlobalSection(ExtensibilityGlobals) = postSolution
		SolutionGuid = {A5889774-B52D-4F3A-9DE1-975DAA827E5A}
	EndGlobalSection
EndGlobal
